
Microsoft Visual Studio Solution File, Format Version 12.00
# Visual Studio Version 16
VisualStudioVersion = 16.0.29009.5
MinimumVisualStudioVersion = 10.0.40219.1
Project("{9A19103F-16F7-4668-BE54-9A1E7A4F7556}") = "Countdown.NumbersRound", "Countdown.NumbersRound\Countdown.NumbersRound.csproj", "{6F35E4F3-A074-42D0-9947-856A6FD71FCD}"
EndProject
Project("{9A19103F-16F7-4668-BE54-9A1E7A4F7556}") = "Countdown.Website", "Countdown.Website\Countdown.Website.csproj", "{796DAD39-03E2-4F5E-8066-DF402EC6D725}"
EndProject
Project("{FAE04EC0-301F-11D3-BF4B-00C04F79EFBC}") = "Countdown.Test", "Countdown.Test\Countdown.Test.csproj", "{2133117B-9986-4185-8ECC-2920053465E2}"
EndProject
Global
	GlobalSection(SolutionConfigurationPlatforms) = preSolution
		Debug|Any CPU = Debug|Any CPU
		Release|Any CPU = Release|Any CPU
	EndGlobalSection
	GlobalSection(ProjectConfigurationPlatforms) = postSolution
		{6F35E4F3-A074-42D0-9947-856A6FD71FCD}.Debug|Any CPU.ActiveCfg = Debug|Any CPU
		{6F35E4F3-A074-42D0-9947-856A6FD71FCD}.Debug|Any CPU.Build.0 = Debug|Any CPU
		{6F35E4F3-A074-42D0-9947-856A6FD71FCD}.Release|Any CPU.ActiveCfg = Release|Any CPU
		{6F35E4F3-A074-42D0-9947-856A6FD71FCD}.Release|Any CPU.Build.0 = Release|Any CPU
		{796DAD39-03E2-4F5E-8066-DF402EC6D725}.Debug|Any CPU.ActiveCfg = Debug|Any CPU
		{796DAD39-03E2-4F5E-8066-DF402EC6D725}.Debug|Any CPU.Build.0 = Debug|Any CPU
		{796DAD39-03E2-4F5E-8066-DF402EC6D725}.Release|Any CPU.ActiveCfg = Release|Any CPU
		{796DAD39-03E2-4F5E-8066-DF402EC6D725}.Release|Any CPU.Build.0 = Release|Any CPU
		{2133117B-9986-4185-8ECC-2920053465E2}.Debug|Any CPU.ActiveCfg = Debug|Any CPU
		{2133117B-9986-4185-8ECC-2920053465E2}.Debug|Any CPU.Build.0 = Debug|Any CPU
		{2133117B-9986-4185-8ECC-2920053465E2}.Release|Any CPU.ActiveCfg = Release|Any CPU
		{2133117B-9986-4185-8ECC-2920053465E2}.Release|Any CPU.Build.0 = Release|Any CPU
	EndGlobalSection
	GlobalSection(SolutionProperties) = preSolution
		HideSolutionNode = FALSE
	EndGlobalSection
	GlobalSection(ExtensibilityGlobals) = postSolution
		SolutionGuid = {408E6777-5AD0-4ABB-9DEE-382D80722D5E}
	EndGlobalSection
EndGlobal
